
Microsoft Visual Studio Solution File, Format Version 12.00
# Visual Studio Version 16
VisualStudioVersion = 16.0.30907.101
MinimumVisualStudioVersion = 10.0.40219.1
Project("{9A19103F-16F7-4668-BE54-9A1E7A4F7556}") = "DataAccess", "DataAccess\DataAccess.csproj", "{80A0CCB0-FD31-4B26-82CF-94EBCA5A8E01}"
EndProject
Project("{9A19103F-16F7-4668-BE54-9A1E7A4F7556}") = "Business", "Business\Business.csproj", "{7A6BB107-121B-4CDE-90B6-A956575268EF}"
EndProject
Project("{9A19103F-16F7-4668-BE54-9A1E7A4F7556}") = "Entities", "Entities\Entities.csproj", "{0A2D87E1-1AF8-4F7A-892D-1C9BF8527124}"
EndProject
Project("{9A19103F-16F7-4668-BE54-9A1E7A4F7556}") = "ConsoleUI", "ConsoleUI\ConsoleUI.csproj", "{13C2495B-D3A3-43A4-9F5C-98B4A8931530}"
EndProject
Project("{9A19103F-16F7-4668-BE54-9A1E7A4F7556}") = "Core", "Core\Core.csproj", "{F26777CD-DE62-4D4A-984C-CA729A6D0B0D}"
EndProject
Project("{FAE04EC0-301F-11D3-BF4B-00C04F79EFBC}") = "WebAPI", "WebAPI\WebAPI.csproj", "{1A876879-054C-40EA-84A9-08EF153DC5E7}"
EndProject
Global
	GlobalSection(SolutionConfigurationPlatforms) = preSolution
		Debug|Any CPU = Debug|Any CPU
		Release|Any CPU = Release|Any CPU
	EndGlobalSection
	GlobalSection(ProjectConfigurationPlatforms) = postSolution
		{80A0CCB0-FD31-4B26-82CF-94EBCA5A8E01}.Debug|Any CPU.ActiveCfg = Debug|Any CPU
		{80A0CCB0-FD31-4B26-82CF-94EBCA5A8E01}.Debug|Any CPU.Build.0 = Debug|Any CPU
		{80A0CCB0-FD31-4B26-82CF-94EBCA5A8E01}.Release|Any CPU.ActiveCfg = Release|Any CPU
		{80A0CCB0-FD31-4B26-82CF-94EBCA5A8E01}.Release|Any CPU.Build.0 = Release|Any CPU
		{7A6BB107-121B-4CDE-90B6-A956575268EF}.Debug|Any CPU.ActiveCfg = Debug|Any CPU
		{7A6BB107-121B-4CDE-90B6-A956575268EF}.Debug|Any CPU.Build.0 = Debug|Any CPU
		{7A6BB107-121B-4CDE-90B6-A956575268EF}.Release|Any CPU.ActiveCfg = Release|Any CPU
		{7A6BB107-121B-4CDE-90B6-A956575268EF}.Release|Any CPU.Build.0 = Release|Any CPU
		{0A2D87E1-1AF8-4F7A-892D-1C9BF8527124}.Debug|Any CPU.ActiveCfg = Debug|Any CPU
		{0A2D87E1-1AF8-4F7A-892D-1C9BF8527124}.Debug|Any CPU.Build.0 = Debug|Any CPU
		{0A2D87E1-1AF8-4F7A-892D-1C9BF8527124}.Release|Any CPU.ActiveCfg = Release|Any CPU
		{0A2D87E1-1AF8-4F7A-892D-1C9BF8527124}.Release|Any CPU.Build.0 = Release|Any CPU
		{13C2495B-D3A3-43A4-9F5C-98B4A8931530}.Debug|Any CPU.ActiveCfg = Debug|Any CPU
		{13C2495B-D3A3-43A4-9F5C-98B4A8931530}.Debug|Any CPU.Build.0 = Debug|Any CPU
		{13C2495B-D3A3-43A4-9F5C-98B4A8931530}.Release|Any CPU.ActiveCfg = Release|Any CPU
		{13C2495B-D3A3-43A4-9F5C-98B4A8931530}.Release|Any CPU.Build.0 = Release|Any CPU
		{F26777CD-DE62-4D4A-984C-CA729A6D0B0D}.Debug|Any CPU.ActiveCfg = Debug|Any CPU
		{F26777CD-DE62-4D4A-984C-CA729A6D0B0D}.Debug|Any CPU.Build.0 = Debug|Any CPU
		{F26777CD-DE62-4D4A-984C-CA729A6D0B0D}.Release|Any CPU.ActiveCfg = Release|Any CPU
		{F26777CD-DE62-4D4A-984C-CA729A6D0B0D}.Release|Any CPU.Build.0 = Release|Any CPU
		{1A876879-054C-40EA-84A9-08EF153DC5E7}.Debug|Any CPU.ActiveCfg = Debug|Any CPU
		{1A876879-054C-40EA-84A9-08EF153DC5E7}.Debug|Any CPU.Build.0 = Debug|Any CPU
		{1A876879-054C-40EA-84A9-08EF153DC5E7}.Release|Any CPU.ActiveCfg = Release|Any CPU
		{1A876879-054C-40EA-84A9-08EF153DC5E7}.Release|Any CPU.Build.0 = Release|Any CPU
	EndGlobalSection
	GlobalSection(SolutionProperties) = preSolution
		HideSolutionNode = FALSE
	EndGlobalSection
	GlobalSection(ExtensibilityGlobals) = postSolution
		SolutionGuid = {C0EB84EA-E162-453D-ADC5-A4E6EB80AF45}
	EndGlobalSection
EndGlobal
